{
  "version": 4,
  "terraform_version": "1.1.6",
  "serial": 17,
  "lineage": "c543e8e3-5376-ea7b-a0ea-ffc2cc321f9f",
  "outputs": {},
  "resources": [
    {
      "mode": "data",
      "type": "aws_servicecatalog_launch_paths",
      "name": "s3_product_path",
      "provider": "provider[\"registry.terraform.io/hashicorp/aws\"]",
      "instances": [
        {
          "schema_version": 0,
          "attributes": {
            "accept_language": "en",
            "id": "prod-ewbwrmkb5ff34",
            "product_id": "prod-ewbwrmkb5ff34",
            "summaries": [
              {
                "constraint_summaries": [],
                "name": "terraform Portfolio",
                "path_id": "lpv2-zdwy6siht5e5e",
                "tags": {}
              }
            ]
          },
          "sensitive_attributes": []
        }
      ]
    },
    {
      "mode": "managed",
      "type": "aws_servicecatalog_portfolio",
      "name": "Terraform_Test_Portfolio",
      "provider": "provider[\"registry.terraform.io/hashicorp/aws\"]",
      "instances": [
        {
          "schema_version": 0,
          "attributes": {
            "arn": "arn:aws:catalog:us-east-1:949526654407:portfolio/port-2xplwbnkhvy5u",
            "created_time": "2022-03-02T15:59:45Z",
            "description": "list of Services",
            "id": "port-2xplwbnkhvy5u",
            "name": "terraform Portfolio",
            "provider_name": "Prudhvi",
            "tags": {},
            "tags_all": {},
            "timeouts": null
          },
          "sensitive_attributes": [],
          "private": "eyJlMmJmYjczMC1lY2FhLTExZTYtOGY4OC0zNDM2M2JjN2M0YzAiOnsiY3JlYXRlIjoxODAwMDAwMDAwMDAwLCJkZWxldGUiOjE4MDAwMDAwMDAwMDAsInVwZGF0ZSI6MTgwMDAwMDAwMDAwMH19"
        }
      ]
    },
    {
      "mode": "managed",
      "type": "aws_servicecatalog_principal_portfolio_association",
      "name": "iam_role_association",
      "provider": "provider[\"registry.terraform.io/hashicorp/aws\"]",
      "instances": [
        {
          "schema_version": 0,
          "attributes": {
            "accept_language": "en",
            "id": "en,arn:aws:iam::949526654407:user/Terraform-user,port-2xplwbnkhvy5u",
            "portfolio_id": "port-2xplwbnkhvy5u",
            "principal_arn": "arn:aws:iam::949526654407:user/Terraform-user",
            "principal_type": "IAM"
          },
          "sensitive_attributes": [],
          "private": "bnVsbA==",
          "dependencies": [
            "aws_servicecatalog_portfolio.Terraform_Test_Portfolio"
          ]
        }
      ]
    },
    {
      "mode": "managed",
      "type": "aws_servicecatalog_product",
      "name": "s3_bucket",
      "provider": "provider[\"registry.terraform.io/hashicorp/aws\"]",
      "instances": [
        {
          "schema_version": 0,
          "attributes": {
            "accept_language": "en",
            "arn": "arn:aws:catalog:us-east-1:949526654407:product/prod-ewbwrmkb5ff34",
            "created_time": "2022-03-02T17:13:48Z",
            "description": "",
            "distributor": "",
            "has_default_path": false,
            "id": "prod-ewbwrmkb5ff34",
            "name": "S3 Bucket",
            "owner": "Prudhvi",
            "provisioning_artifact_parameters": [
              {
                "description": "v1.0",
                "disable_template_validation": false,
                "name": "Simple S3 Bucket",
                "template_physical_id": "",
                "template_url": "https://service-catalog-cftemplates.s3.amazonaws.com/S3+Bucket.json",
                "type": "CLOUD_FORMATION_TEMPLATE"
              }
            ],
            "status": "CREATED",
            "support_description": "",
            "support_email": "",
            "support_url": "",
            "tags": {},
            "tags_all": {},
            "type": "CLOUD_FORMATION_TEMPLATE"
          },
          "sensitive_attributes": [],
          "private": "bnVsbA=="
        }
      ]
    },
    {
      "mode": "managed",
      "type": "aws_servicecatalog_product_portfolio_association",
      "name": "product_portfolio_association",
      "provider": "provider[\"registry.terraform.io/hashicorp/aws\"]",
      "instances": [
        {
          "schema_version": 0,
          "attributes": {
            "accept_language": "en",
            "id": "en:port-2xplwbnkhvy5u:prod-ewbwrmkb5ff34",
            "portfolio_id": "port-2xplwbnkhvy5u",
            "product_id": "prod-ewbwrmkb5ff34",
            "source_portfolio_id": ""
          },
          "sensitive_attributes": [],
          "private": "bnVsbA==",
          "dependencies": [
            "aws_servicecatalog_portfolio.Terraform_Test_Portfolio",
            "aws_servicecatalog_product.s3_bucket"
          ]
        }
      ]
    },
    {
      "mode": "managed",
      "type": "aws_servicecatalog_provisioned_product",
      "name": "s3_provisioned_product_kit",
      "provider": "provider[\"registry.terraform.io/hashicorp/aws\"]",
      "instances": [
        {
          "schema_version": 0,
          "attributes": {
            "accept_language": "en",
            "arn": "arn:aws:servicecatalog:us-east-1:949526654407:stack/S3-Bucket/pp-aurh5znl7oez4",
            "cloudwatch_dashboard_names": [],
            "created_time": "2022-03-02T17:17:13Z",
            "id": "pp-aurh5znl7oez4",
            "ignore_errors": false,
            "last_provisioning_record_id": "rec-f7joemmij3pzo",
            "last_record_id": "rec-f7joemmij3pzo",
            "last_successful_provisioning_record_id": "rec-f7joemmij3pzo",
            "launch_role_arn": "",
            "name": "S3-Bucket",
            "notification_arns": null,
            "outputs": [
              {
                "description": "",
                "key": "BucketARN",
                "value": "arn:aws:s3:::sc-949526654407-pp-aurh5znl7oez4-s3bucket-26n3a64i049d"
              },
              {
                "description": "Name of the Amazon S3 bucket.",
                "key": "BucketName",
                "value": "sc-949526654407-pp-aurh5znl7oez4-s3bucket-26n3a64i049d"
              },
              {
                "description": "The ARN of the launched Cloudformation Stack",
                "key": "CloudformationStackARN",
                "value": "arn:aws:cloudformation:us-east-1:949526654407:stack/SC-949526654407-pp-aurh5znl7oez4/9a7b8120-9a4c-11ec-b700-0e88a68b6167"
              }
            ],
            "path_id": "lpv2-zdwy6siht5e5e",
            "path_name": null,
            "product_id": "prod-ewbwrmkb5ff34",
            "product_name": null,
            "provisioning_artifact_id": "pa-5md4escwmah34",
            "provisioning_artifact_name": "Simple S3 Bucket",
            "provisioning_parameters": [],
            "retain_physical_resources": false,
            "stack_set_provisioning_preferences": [],
            "status": "AVAILABLE",
            "status_message": "",
            "tags": null,
            "tags_all": {},
            "timeouts": null,
            "type": "CFN_STACK"
          },
          "sensitive_attributes": [],
          "private": "eyJlMmJmYjczMC1lY2FhLTExZTYtOGY4OC0zNDM2M2JjN2M0YzAiOnsiY3JlYXRlIjoxODAwMDAwMDAwMDAwLCJkZWxldGUiOjE4MDAwMDAwMDAwMDAsInVwZGF0ZSI6MTgwMDAwMDAwMDAwMH19",
          "dependencies": [
            "aws_servicecatalog_product.s3_bucket",
            "data.aws_servicecatalog_launch_paths.s3_product_path"
          ]
        }
      ]
    }
  ]
}
